{
  "nodes": {
    "flake-utils": {
      "locked": {
        "lastModified": 1644229661,
        "narHash": "sha256-1YdnJAsNy69bpcjuoKdOYQX0YxZBiCYZo4Twxerqv7k=",
        "owner": "numtide",
        "repo": "flake-utils",
        "rev": "3cecb5b042f7f209c56ffd8371b2711a290ec797",
        "type": "github"
      },
      "original": {
        "owner": "numtide",
        "repo": "flake-utils",
        "type": "github"
      }
    },
    "home-manager": {
      "inputs": {
        "nixpkgs": [
          "nixpkgs"
        ]
      },
      "locked": {
        "lastModified": 1645025890,
        "narHash": "sha256-pwlZPAsuGS14VXjjDYUBau+NzvUCDxwOfn1NwQOMDnQ=",
        "owner": "nix-community",
        "repo": "home-manager",
        "rev": "a3c18a60d598157f34d7774956c05fb975838994",
        "type": "github"
      },
      "original": {
        "owner": "nix-community",
        "repo": "home-manager",
        "type": "github"
      }
    },
    "nixos-hardware": {
      "locked": {
        "lastModified": 1644870092,
        "narHash": "sha256-RLPD92lqXW98LDIbbwYqwAbt3R4iD1V1PiylfgBq5cU=",
        "owner": "NixOS",
        "repo": "nixos-hardware",
        "rev": "10eab1c4cd8e715c0b41d32c28af2b89fc67bed0",
        "type": "github"
      },
      "original": {
        "owner": "NixOS",
        "repo": "nixos-hardware",
        "type": "github"
      }
    },
    "nixpkgs": {
      "locked": {
        "lastModified": 1645039352,
        "narHash": "sha256-rS5hQnK7ps+tOv/N+UKG0Hr9DKrpyG37Px+RhEIKa0M=",
        "owner": "NixOS",
        "repo": "nixpkgs",
        "rev": "29fd78747ae72b28d06bf19df2b8faf2a1d9a7eb",
        "type": "github"
      },
      "original": {
        "owner": "NixOS",
        "ref": "master",
        "repo": "nixpkgs",
        "type": "github"
      }
    },
    "nixpkgs-stable": {
      "locked": {
        "lastModified": 1644837400,
        "narHash": "sha256-treFS89w/xKzeTjJSJdYp/Ceddv6oqq7bL9mZMQDPi0=",
        "owner": "NixOS",
        "repo": "nixpkgs",
        "rev": "a03ae0e6d078cfdbb8404c3bff3622bd4e2f1c57",
        "type": "github"
      },
      "original": {
        "owner": "NixOS",
        "ref": "nixos-21.11",
        "repo": "nixpkgs",
        "type": "github"
      }
    },
    "root": {
      "inputs": {
        "flake-utils": "flake-utils",
        "home-manager": "home-manager",
        "nixos-hardware": "nixos-hardware",
        "nixpkgs": "nixpkgs",
        "nixpkgs-stable": "nixpkgs-stable"
      }
    }
  },
  "root": "root",
  "version": 7
}
