{
  "nodes": {
    "agenix": {
      "inputs": {
        "nixpkgs": "nixpkgs"
      },
      "locked": {
        "lastModified": 1648942457,
        "narHash": "sha256-i29Z1t3sVfCNfpp+KAfeExvpqHQSbLO1KWylTtfradU=",
        "owner": "ryantm",
        "repo": "agenix",
        "rev": "0d5e59ed645e4c7b60174bc6f6aac6a203dc0b01",
        "type": "github"
      },
      "original": {
        "owner": "ryantm",
        "repo": "agenix",
        "type": "github"
      }
    },
    "flake-utils": {
      "locked": {
        "lastModified": 1649676176,
        "narHash": "sha256-OWKJratjt2RW151VUlJPRALb7OU2S5s+f0vLj4o1bHM=",
        "owner": "numtide",
        "repo": "flake-utils",
        "rev": "a4b154ebbdc88c8498a5c7b01589addc9e9cb678",
        "type": "github"
      },
      "original": {
        "owner": "numtide",
        "repo": "flake-utils",
        "type": "github"
      }
    },
    "home-manager": {
      "inputs": {
        "nixpkgs": [
          "nixpkgs"
        ]
      },
      "locked": {
        "lastModified": 1650301786,
        "narHash": "sha256-9rz9NqL+mC+BIggn2emuzZ+3MYogxVBTdsFK7E3Vv1k=",
        "owner": "nix-community",
        "repo": "home-manager",
        "rev": "8d38ca886880265d523a66fe3da4d42e92ab0748",
        "type": "github"
      },
      "original": {
        "owner": "nix-community",
        "repo": "home-manager",
        "type": "github"
      }
    },
    "nixos-hardware": {
      "locked": {
        "lastModified": 1649849514,
        "narHash": "sha256-zQyTr2UebTKUh1KLyLtevhHsM8umPK1LfQLGUGjRjiQ=",
        "owner": "NixOS",
        "repo": "nixos-hardware",
        "rev": "1a0ccdbf4583ed0fce37eea7955e8ef90f840a9f",
        "type": "github"
      },
      "original": {
        "owner": "NixOS",
        "repo": "nixos-hardware",
        "type": "github"
      }
    },
    "nixpkgs": {
      "locked": {
        "lastModified": 1638587357,
        "narHash": "sha256-2ySMW3QARG8BsRPmwe7clTbdCuaObromOKewykP+UJc=",
        "owner": "nixos",
        "repo": "nixpkgs",
        "rev": "e34c5379866833f41e2a36f309912fa675d687c7",
        "type": "github"
      },
      "original": {
        "owner": "nixos",
        "ref": "nixos-21.11",
        "repo": "nixpkgs",
        "type": "github"
      }
    },
    "nixpkgs-stable": {
      "locked": {
        "lastModified": 1650244918,
        "narHash": "sha256-DsS5nxjTpnoUC4pNXJI1rit7TnDTij8vQDa5PtcDCD0=",
        "owner": "NixOS",
        "repo": "nixpkgs",
        "rev": "7b38b03d76ab71bdc8dc325e3f6338d984cc35ca",
        "type": "github"
      },
      "original": {
        "owner": "NixOS",
        "ref": "nixos-21.11",
        "repo": "nixpkgs",
        "type": "github"
      }
    },
    "nixpkgs_2": {
      "locked": {
        "lastModified": 1650161686,
        "narHash": "sha256-70ZWAlOQ9nAZ08OU6WY7n4Ij2kOO199dLfNlvO/+pf8=",
        "owner": "NixOS",
        "repo": "nixpkgs",
        "rev": "1ffba9f2f683063c2b14c9f4d12c55ad5f4ed887",
        "type": "github"
      },
      "original": {
        "owner": "NixOS",
        "ref": "nixos-unstable",
        "repo": "nixpkgs",
        "type": "github"
      }
    },
    "root": {
      "inputs": {
        "agenix": "agenix",
        "flake-utils": "flake-utils",
        "home-manager": "home-manager",
        "nixos-hardware": "nixos-hardware",
        "nixpkgs": "nixpkgs_2",
        "nixpkgs-stable": "nixpkgs-stable"
      }
    }
  },
  "root": "root",
  "version": 7
}
